# This file is generated by running "yarn install" inside your project.
# Manual changes might be lost - proceed with caution!

__metadata:
  version: 8
  cacheKey: 10c0

"@esbuild/android-arm@npm:0.15.18":
  version: 0.15.18
  resolution: "@esbuild/android-arm@npm:0.15.18"
  conditions: os=android & cpu=arm
  languageName: node
  linkType: hard

"@esbuild/linux-loong64@npm:0.15.18":
  version: 0.15.18
  resolution: "@esbuild/linux-loong64@npm:0.15.18"
  conditions: os=linux & cpu=loong64
  languageName: node
  linkType: hard

"@isaacs/cliui@npm:^8.0.2":
  version: 8.0.2
  resolution: "@isaacs/cliui@npm:8.0.2"
  dependencies:
    string-width: "npm:^5.1.2"
    string-width-cjs: "npm:string-width@^4.2.0"
    strip-ansi: "npm:^7.0.1"
    strip-ansi-cjs: "npm:strip-ansi@^6.0.1"
    wrap-ansi: "npm:^8.1.0"
    wrap-ansi-cjs: "npm:wrap-ansi@^7.0.0"
  checksum: 10c0/b1bf42535d49f11dc137f18d5e4e63a28c5569de438a221c369483731e9dac9fb797af554e8bf02b6192d1e5eba6e6402cf93900c3d0ac86391d00d04876789e
  languageName: node
  linkType: hard

"@npmcli/fs@npm:^3.1.0":
  version: 3.1.0
  resolution: "@npmcli/fs@npm:3.1.0"
  dependencies:
    semver: "npm:^7.3.5"
  checksum: 10c0/162b4a0b8705cd6f5c2470b851d1dc6cd228c86d2170e1769d738c1fbb69a87160901411c3c035331e9e99db72f1f1099a8b734bf1637cc32b9a5be1660e4e1e
  languageName: node
  linkType: hard

"@pkgjs/parseargs@npm:^0.11.0":
  version: 0.11.0
  resolution: "@pkgjs/parseargs@npm:0.11.0"
  checksum: 10c0/5bd7576bb1b38a47a7fc7b51ac9f38748e772beebc56200450c4a817d712232b8f1d3ef70532c80840243c657d491cf6a6be1e3a214cff907645819fdc34aadd
  languageName: node
  linkType: hard

"@types/node-fetch-cache@npm:^3.0.5":
  version: 3.0.5
  resolution: "@types/node-fetch-cache@npm:3.0.5"
  dependencies:
    "@types/node-fetch": "npm:*"
  checksum: 10c0/02c9517b2579b9cc3942a71ff5c66d53c1ce9b94950de66eefb75677f93b6eb7c7dac1ac0d033b5fc6ba50ff07ed97de69cc4670e93eac194c2224687a639e93
  languageName: node
  linkType: hard

"@types/node-fetch@npm:*, @types/node-fetch@npm:2.6.11":
  version: 2.6.11
  resolution: "@types/node-fetch@npm:2.6.11"
  dependencies:
    "@types/node": "npm:*"
    form-data: "npm:^4.0.0"
  checksum: 10c0/5283d4e0bcc37a5b6d8e629aee880a4ffcfb33e089f4b903b2981b19c623972d1e64af7c3f9540ab990f0f5c89b9b5dda19c5bcb37a8e177079e93683bfd2f49
  languageName: node
  linkType: hard

"@types/node@npm:*, @types/node@npm:^20.11.24":
  version: 20.14.2
  resolution: "@types/node@npm:20.14.2"
  dependencies:
    undici-types: "npm:~5.26.4"
  checksum: 10c0/2d86e5f2227aaa42212e82ea0affe72799111b888ff900916376450b02b09b963ca888b20d9c332d8d2b833ed4781987867a38eaa2e4863fa8439071468b0a6f
  languageName: node
  linkType: hard

"aggregate-error@npm:^3.0.0":
  version: 3.1.0
  resolution: "aggregate-error@npm:3.1.0"
  dependencies:
    clean-stack: "npm:^2.0.0"
    indent-string: "npm:^4.0.0"
  checksum: 10c0/a42f67faa79e3e6687a4923050e7c9807db3848a037076f791d10e092677d65c1d2d863b7848560699f40fc0502c19f40963fb1cd1fb3d338a7423df8e45e039
  languageName: node
  linkType: hard

"ansi-regex@npm:^5.0.1":
  version: 5.0.1
  resolution: "ansi-regex@npm:5.0.1"
  checksum: 10c0/9a64bb8627b434ba9327b60c027742e5d17ac69277960d041898596271d992d4d52ba7267a63ca10232e29f6107fc8a835f6ce8d719b88c5f8493f8254813737
  languageName: node
  linkType: hard

"ansi-regex@npm:^6.0.1":
  version: 6.0.1
  resolution: "ansi-regex@npm:6.0.1"
  checksum: 10c0/cbe16dbd2c6b2735d1df7976a7070dd277326434f0212f43abf6d87674095d247968209babdaad31bb00882fa68807256ba9be340eec2f1004de14ca75f52a08
  languageName: node
  linkType: hard

"ansi-styles@npm:^4.0.0":
  version: 4.3.0
  resolution: "ansi-styles@npm:4.3.0"
  dependencies:
    color-convert: "npm:^2.0.1"
  checksum: 10c0/895a23929da416f2bd3de7e9cb4eabd340949328ab85ddd6e484a637d8f6820d485f53933446f5291c3b760cbc488beb8e88573dd0f9c7daf83dccc8fe81b041
  languageName: node
  linkType: hard

"ansi-styles@npm:^6.1.0":
  version: 6.2.1
  resolution: "ansi-styles@npm:6.2.1"
  checksum: 10c0/5d1ec38c123984bcedd996eac680d548f31828bd679a66db2bdf11844634dde55fec3efa9c6bb1d89056a5e79c1ac540c4c784d592ea1d25028a92227d2f2d5c
  languageName: node
  linkType: hard

"asynckit@npm:^0.4.0":
  version: 0.4.0
  resolution: "asynckit@npm:0.4.0"
  checksum: 10c0/d73e2ddf20c4eb9337e1b3df1a0f6159481050a5de457c55b14ea2e5cb6d90bb69e004c9af54737a5ee0917fcf2c9e25de67777bbe58261847846066ba75bc9d
  languageName: node
  linkType: hard

"balanced-match@npm:^1.0.0":
  version: 1.0.2
  resolution: "balanced-match@npm:1.0.2"
  checksum: 10c0/9308baf0a7e4838a82bbfd11e01b1cb0f0cf2893bc1676c27c2a8c0e70cbae1c59120c3268517a8ae7fb6376b4639ef81ca22582611dbee4ed28df945134aaee
  languageName: node
  linkType: hard

"brace-expansion@npm:^2.0.1":
  version: 2.0.1
  resolution: "brace-expansion@npm:2.0.1"
  dependencies:
    balanced-match: "npm:^1.0.0"
  checksum: 10c0/b358f2fe060e2d7a87aa015979ecea07f3c37d4018f8d6deb5bd4c229ad3a0384fe6029bb76cd8be63c81e516ee52d1a0673edbe2023d53a5191732ae3c3e49f
  languageName: node
  linkType: hard

"cacache@npm:^18.0.1":
  version: 18.0.2
  resolution: "cacache@npm:18.0.2"
  dependencies:
    "@npmcli/fs": "npm:^3.1.0"
    fs-minipass: "npm:^3.0.0"
    glob: "npm:^10.2.2"
    lru-cache: "npm:^10.0.1"
    minipass: "npm:^7.0.3"
    minipass-collect: "npm:^2.0.1"
    minipass-flush: "npm:^1.0.5"
    minipass-pipeline: "npm:^1.2.4"
    p-map: "npm:^4.0.0"
    ssri: "npm:^10.0.0"
    tar: "npm:^6.1.11"
    unique-filename: "npm:^3.0.0"
  checksum: 10c0/7992665305cc251a984f4fdbab1449d50e88c635bc43bf2785530c61d239c61b349e5734461baa461caaee65f040ab14e2d58e694f479c0810cffd181ba5eabc
  languageName: node
  linkType: hard

"chownr@npm:^2.0.0":
  version: 2.0.0
  resolution: "chownr@npm:2.0.0"
  checksum: 10c0/594754e1303672171cc04e50f6c398ae16128eb134a88f801bf5354fd96f205320f23536a045d9abd8b51024a149696e51231565891d4efdab8846021ecf88e6
  languageName: node
  linkType: hard

"clean-stack@npm:^2.0.0":
  version: 2.2.0
  resolution: "clean-stack@npm:2.2.0"
  checksum: 10c0/1f90262d5f6230a17e27d0c190b09d47ebe7efdd76a03b5a1127863f7b3c9aec4c3e6c8bb3a7bbf81d553d56a1fd35728f5a8ef4c63f867ac8d690109742a8c1
  languageName: node
  linkType: hard

"color-convert@npm:^2.0.1":
  version: 2.0.1
  resolution: "color-convert@npm:2.0.1"
  dependencies:
    color-name: "npm:~1.1.4"
  checksum: 10c0/37e1150172f2e311fe1b2df62c6293a342ee7380da7b9cfdba67ea539909afbd74da27033208d01d6d5cfc65ee7868a22e18d7e7648e004425441c0f8a15a7d7
  languageName: node
  linkType: hard

"color-name@npm:~1.1.4":
  version: 1.1.4
  resolution: "color-name@npm:1.1.4"
  checksum: 10c0/a1a3f914156960902f46f7f56bc62effc6c94e84b2cae157a526b1c1f74b677a47ec602bf68a61abfa2b42d15b7c5651c6dbe72a43af720bc588dff885b10f95
  languageName: node
  linkType: hard

"combined-stream@npm:^1.0.8":
  version: 1.0.8
  resolution: "combined-stream@npm:1.0.8"
  dependencies:
    delayed-stream: "npm:~1.0.0"
  checksum: 10c0/0dbb829577e1b1e839fa82b40c07ffaf7de8a09b935cadd355a73652ae70a88b4320db322f6634a4ad93424292fa80973ac6480986247f1734a1137debf271d5
  languageName: node
  linkType: hard

"cross-spawn@npm:^7.0.0":
  version: 7.0.3
  resolution: "cross-spawn@npm:7.0.3"
  dependencies:
    path-key: "npm:^3.1.0"
    shebang-command: "npm:^2.0.0"
    which: "npm:^2.0.1"
  checksum: 10c0/5738c312387081c98d69c98e105b6327b069197f864a60593245d64c8089c8a0a744e16349281210d56835bb9274130d825a78b2ad6853ca13cfbeffc0c31750
  languageName: node
  linkType: hard

"delayed-stream@npm:~1.0.0":
  version: 1.0.0
  resolution: "delayed-stream@npm:1.0.0"
  checksum: 10c0/d758899da03392e6712f042bec80aa293bbe9e9ff1b2634baae6a360113e708b91326594c8a486d475c69d6259afb7efacdc3537bfcda1c6c648e390ce601b19
  languageName: node
  linkType: hard

"eastasianwidth@npm:^0.2.0":
  version: 0.2.0
  resolution: "eastasianwidth@npm:0.2.0"
  checksum: 10c0/26f364ebcdb6395f95124fda411f63137a4bfb5d3a06453f7f23dfe52502905bd84e0488172e0f9ec295fdc45f05c23d5d91baf16bd26f0fe9acd777a188dc39
  languageName: node
  linkType: hard

"emoji-regex@npm:^8.0.0":
  version: 8.0.0
  resolution: "emoji-regex@npm:8.0.0"
  checksum: 10c0/b6053ad39951c4cf338f9092d7bfba448cdfd46fe6a2a034700b149ac9ffbc137e361cbd3c442297f86bed2e5f7576c1b54cc0a6bf8ef5106cc62f496af35010
  languageName: node
  linkType: hard

"emoji-regex@npm:^9.2.2":
  version: 9.2.2
  resolution: "emoji-regex@npm:9.2.2"
  checksum: 10c0/af014e759a72064cf66e6e694a7fc6b0ed3d8db680427b021a89727689671cefe9d04151b2cad51dbaf85d5ba790d061cd167f1cf32eb7b281f6368b3c181639
  languageName: node
  linkType: hard

"esbuild-android-64@npm:0.15.18":
  version: 0.15.18
  resolution: "esbuild-android-64@npm:0.15.18"
  conditions: os=android & cpu=x64
  languageName: node
  linkType: hard

"esbuild-android-arm64@npm:0.15.18":
  version: 0.15.18
  resolution: "esbuild-android-arm64@npm:0.15.18"
  conditions: os=android & cpu=arm64
  languageName: node
  linkType: hard

"esbuild-darwin-64@npm:0.15.18":
  version: 0.15.18
  resolution: "esbuild-darwin-64@npm:0.15.18"
  conditions: os=darwin & cpu=x64
  languageName: node
  linkType: hard

"esbuild-darwin-arm64@npm:0.15.18":
  version: 0.15.18
  resolution: "esbuild-darwin-arm64@npm:0.15.18"
  conditions: os=darwin & cpu=arm64
  languageName: node
  linkType: hard

"esbuild-freebsd-64@npm:0.15.18":
  version: 0.15.18
  resolution: "esbuild-freebsd-64@npm:0.15.18"
  conditions: os=freebsd & cpu=x64
  languageName: node
  linkType: hard

"esbuild-freebsd-arm64@npm:0.15.18":
  version: 0.15.18
  resolution: "esbuild-freebsd-arm64@npm:0.15.18"
  conditions: os=freebsd & cpu=arm64
  languageName: node
  linkType: hard

"esbuild-linux-32@npm:0.15.18":
  version: 0.15.18
  resolution: "esbuild-linux-32@npm:0.15.18"
  conditions: os=linux & cpu=ia32
  languageName: node
  linkType: hard

"esbuild-linux-64@npm:0.15.18":
  version: 0.15.18
  resolution: "esbuild-linux-64@npm:0.15.18"
  conditions: os=linux & cpu=x64
  languageName: node
  linkType: hard

"esbuild-linux-arm64@npm:0.15.18":
  version: 0.15.18
  resolution: "esbuild-linux-arm64@npm:0.15.18"
  conditions: os=linux & cpu=arm64
  languageName: node
  linkType: hard

"esbuild-linux-arm@npm:0.15.18":
  version: 0.15.18
  resolution: "esbuild-linux-arm@npm:0.15.18"
  conditions: os=linux & cpu=arm
  languageName: node
  linkType: hard

"esbuild-linux-mips64le@npm:0.15.18":
  version: 0.15.18
  resolution: "esbuild-linux-mips64le@npm:0.15.18"
  conditions: os=linux & cpu=mips64el
  languageName: node
  linkType: hard

"esbuild-linux-ppc64le@npm:0.15.18":
  version: 0.15.18
  resolution: "esbuild-linux-ppc64le@npm:0.15.18"
  conditions: os=linux & cpu=ppc64
  languageName: node
  linkType: hard

"esbuild-linux-riscv64@npm:0.15.18":
  version: 0.15.18
  resolution: "esbuild-linux-riscv64@npm:0.15.18"
  conditions: os=linux & cpu=riscv64
  languageName: node
  linkType: hard

"esbuild-linux-s390x@npm:0.15.18":
  version: 0.15.18
  resolution: "esbuild-linux-s390x@npm:0.15.18"
  conditions: os=linux & cpu=s390x
  languageName: node
  linkType: hard

"esbuild-netbsd-64@npm:0.15.18":
  version: 0.15.18
  resolution: "esbuild-netbsd-64@npm:0.15.18"
  conditions: os=netbsd & cpu=x64
  languageName: node
  linkType: hard

"esbuild-openbsd-64@npm:0.15.18":
  version: 0.15.18
  resolution: "esbuild-openbsd-64@npm:0.15.18"
  conditions: os=openbsd & cpu=x64
  languageName: node
  linkType: hard

"esbuild-sunos-64@npm:0.15.18":
  version: 0.15.18
  resolution: "esbuild-sunos-64@npm:0.15.18"
  conditions: os=sunos & cpu=x64
  languageName: node
  linkType: hard

"esbuild-windows-32@npm:0.15.18":
  version: 0.15.18
  resolution: "esbuild-windows-32@npm:0.15.18"
  conditions: os=win32 & cpu=ia32
  languageName: node
  linkType: hard

"esbuild-windows-64@npm:0.15.18":
  version: 0.15.18
  resolution: "esbuild-windows-64@npm:0.15.18"
  conditions: os=win32 & cpu=x64
  languageName: node
  linkType: hard

"esbuild-windows-arm64@npm:0.15.18":
  version: 0.15.18
  resolution: "esbuild-windows-arm64@npm:0.15.18"
  conditions: os=win32 & cpu=arm64
  languageName: node
  linkType: hard

"esbuild@npm:^0.15.16":
  version: 0.15.18
  resolution: "esbuild@npm:0.15.18"
  dependencies:
    "@esbuild/android-arm": "npm:0.15.18"
    "@esbuild/linux-loong64": "npm:0.15.18"
    esbuild-android-64: "npm:0.15.18"
    esbuild-android-arm64: "npm:0.15.18"
    esbuild-darwin-64: "npm:0.15.18"
    esbuild-darwin-arm64: "npm:0.15.18"
    esbuild-freebsd-64: "npm:0.15.18"
    esbuild-freebsd-arm64: "npm:0.15.18"
    esbuild-linux-32: "npm:0.15.18"
    esbuild-linux-64: "npm:0.15.18"
    esbuild-linux-arm: "npm:0.15.18"
    esbuild-linux-arm64: "npm:0.15.18"
    esbuild-linux-mips64le: "npm:0.15.18"
    esbuild-linux-ppc64le: "npm:0.15.18"
    esbuild-linux-riscv64: "npm:0.15.18"
    esbuild-linux-s390x: "npm:0.15.18"
    esbuild-netbsd-64: "npm:0.15.18"
    esbuild-openbsd-64: "npm:0.15.18"
    esbuild-sunos-64: "npm:0.15.18"
    esbuild-windows-32: "npm:0.15.18"
    esbuild-windows-64: "npm:0.15.18"
    esbuild-windows-arm64: "npm:0.15.18"
  dependenciesMeta:
    "@esbuild/android-arm":
      optional: true
    "@esbuild/linux-loong64":
      optional: true
    esbuild-android-64:
      optional: true
    esbuild-android-arm64:
      optional: true
    esbuild-darwin-64:
      optional: true
    esbuild-darwin-arm64:
      optional: true
    esbuild-freebsd-64:
      optional: true
    esbuild-freebsd-arm64:
      optional: true
    esbuild-linux-32:
      optional: true
    esbuild-linux-64:
      optional: true
    esbuild-linux-arm:
      optional: true
    esbuild-linux-arm64:
      optional: true
    esbuild-linux-mips64le:
      optional: true
    esbuild-linux-ppc64le:
      optional: true
    esbuild-linux-riscv64:
      optional: true
    esbuild-linux-s390x:
      optional: true
    esbuild-netbsd-64:
      optional: true
    esbuild-openbsd-64:
      optional: true
    esbuild-sunos-64:
      optional: true
    esbuild-windows-32:
      optional: true
    esbuild-windows-64:
      optional: true
    esbuild-windows-arm64:
      optional: true
  bin:
    esbuild: bin/esbuild
  checksum: 10c0/4eb13979ae2e52eab529b79a0f236e03d08a7bd90c46924d60af73ea4de32d819abf916d0fd7a12b4908f91297e1477739f3ea9c53a68fbcc47a08ab173c41b0
  languageName: node
  linkType: hard

"esmock@npm:^2.6.4":
  version: 2.6.6
  resolution: "esmock@npm:2.6.6"
  checksum: 10c0/c39a091d32d09f0f01a6583fc60cc46ea6969d9b057f62e2cadf4d3cd2bbe5d9fc1323ae786127a9e32070f93daa9e6125532ae1cf95908068f011b392390328
  languageName: node
  linkType: hard

"foreground-child@npm:^3.1.0":
  version: 3.1.1
  resolution: "foreground-child@npm:3.1.1"
  dependencies:
    cross-spawn: "npm:^7.0.0"
    signal-exit: "npm:^4.0.1"
  checksum: 10c0/9700a0285628abaeb37007c9a4d92bd49f67210f09067638774338e146c8e9c825c5c877f072b2f75f41dc6a2d0be8664f79ffc03f6576649f54a84fb9b47de0
  languageName: node
  linkType: hard

"form-data@npm:^4.0.0":
  version: 4.0.0
  resolution: "form-data@npm:4.0.0"
  dependencies:
    asynckit: "npm:^0.4.0"
    combined-stream: "npm:^1.0.8"
    mime-types: "npm:^2.1.12"
  checksum: 10c0/cb6f3ac49180be03ff07ba3ff125f9eba2ff0b277fb33c7fc47569fc5e616882c5b1c69b9904c4c4187e97dd0419dd03b134174756f296dec62041e6527e2c6e
  languageName: node
  linkType: hard

"fs-minipass@npm:^2.0.0":
  version: 2.1.0
  resolution: "fs-minipass@npm:2.1.0"
  dependencies:
    minipass: "npm:^3.0.0"
  checksum: 10c0/703d16522b8282d7299337539c3ed6edddd1afe82435e4f5b76e34a79cd74e488a8a0e26a636afc2440e1a23b03878e2122e3a2cfe375a5cf63c37d92b86a004
  languageName: node
  linkType: hard

"fs-minipass@npm:^3.0.0":
  version: 3.0.3
  resolution: "fs-minipass@npm:3.0.3"
  dependencies:
    minipass: "npm:^7.0.3"
  checksum: 10c0/63e80da2ff9b621e2cb1596abcb9207f1cf82b968b116ccd7b959e3323144cce7fb141462200971c38bbf2ecca51695069db45265705bed09a7cd93ae5b89f94
  languageName: node
  linkType: hard

"glob@npm:^10.2.2":
  version: 10.3.10
  resolution: "glob@npm:10.3.10"
  dependencies:
    foreground-child: "npm:^3.1.0"
    jackspeak: "npm:^2.3.5"
    minimatch: "npm:^9.0.1"
    minipass: "npm:^5.0.0 || ^6.0.2 || ^7.0.0"
    path-scurry: "npm:^1.10.1"
  bin:
    glob: dist/esm/bin.mjs
  checksum: 10c0/13d8a1feb7eac7945f8c8480e11cd4a44b24d26503d99a8d8ac8d5aefbf3e9802a2b6087318a829fad04cb4e829f25c5f4f1110c68966c498720dd261c7e344d
  languageName: node
  linkType: hard

"gutenvox@workspace:.":
  version: 0.0.0-use.local
  resolution: "gutenvox@workspace:."
  dependencies:
    "@types/node": "npm:^20.11.24"
    "@types/node-fetch-cache": "npm:^3.0.5"
    esmock: "npm:^2.6.4"
    node-fetch-cache: "npm:^4.1.0"
    tsm: "npm:^2.3.0"
    typescript: "npm:^5.3.3"
  bin:
    gutenvox: dist/index.js
  languageName: unknown
  linkType: soft

"imurmurhash@npm:^0.1.4":
  version: 0.1.4
  resolution: "imurmurhash@npm:0.1.4"
  checksum: 10c0/8b51313850dd33605c6c9d3fd9638b714f4c4c40250cff658209f30d40da60f78992fb2df5dabee4acf589a6a82bbc79ad5486550754bd9ec4e3fc0d4a57d6a6
  languageName: node
  linkType: hard

"indent-string@npm:^4.0.0":
  version: 4.0.0
  resolution: "indent-string@npm:4.0.0"
  checksum: 10c0/1e1904ddb0cb3d6cce7cd09e27a90184908b7a5d5c21b92e232c93579d314f0b83c246ffb035493d0504b1e9147ba2c9b21df0030f48673fba0496ecd698161f
  languageName: node
  linkType: hard

"is-fullwidth-code-point@npm:^3.0.0":
  version: 3.0.0
  resolution: "is-fullwidth-code-point@npm:3.0.0"
  checksum: 10c0/bb11d825e049f38e04c06373a8d72782eee0205bda9d908cc550ccb3c59b99d750ff9537982e01733c1c94a58e35400661f57042158ff5e8f3e90cf936daf0fc
  languageName: node
  linkType: hard

"isexe@npm:^2.0.0":
  version: 2.0.0
  resolution: "isexe@npm:2.0.0"
  checksum: 10c0/228cfa503fadc2c31596ab06ed6aa82c9976eec2bfd83397e7eaf06d0ccf42cd1dfd6743bf9aeb01aebd4156d009994c5f76ea898d2832c1fe342da923ca457d
  languageName: node
  linkType: hard

"jackspeak@npm:^2.3.5":
  version: 2.3.6
  resolution: "jackspeak@npm:2.3.6"
  dependencies:
    "@isaacs/cliui": "npm:^8.0.2"
    "@pkgjs/parseargs": "npm:^0.11.0"
  dependenciesMeta:
    "@pkgjs/parseargs":
      optional: true
  checksum: 10c0/f01d8f972d894cd7638bc338e9ef5ddb86f7b208ce177a36d718eac96ec86638a6efa17d0221b10073e64b45edc2ce15340db9380b1f5d5c5d000cbc517dc111
  languageName: node
  linkType: hard

"locko@npm:^1.1.0":
  version: 1.1.0
  resolution: "locko@npm:1.1.0"
  checksum: 10c0/de7508f8e22517d3095ccd391a5abc4e3fc12600d73e44832b550c1d9a7a5109c90d1a96d3cffc6d70fb788c05ad6a1f806301e1a5b2e16fc461f746ef4e7e58
  languageName: node
  linkType: hard

"lru-cache@npm:^10.0.1, lru-cache@npm:^9.1.1 || ^10.0.0":
  version: 10.2.0
  resolution: "lru-cache@npm:10.2.0"
  checksum: 10c0/c9847612aa2daaef102d30542a8d6d9b2c2bb36581c1bf0dc3ebf5e5f3352c772a749e604afae2e46873b930a9e9523743faac4e5b937c576ab29196774712ee
  languageName: node
  linkType: hard

"lru-cache@npm:^6.0.0":
  version: 6.0.0
  resolution: "lru-cache@npm:6.0.0"
  dependencies:
    yallist: "npm:^4.0.0"
  checksum: 10c0/cb53e582785c48187d7a188d3379c181b5ca2a9c78d2bce3e7dee36f32761d1c42983da3fe12b55cb74e1779fa94cdc2e5367c028a9b35317184ede0c07a30a9
  languageName: node
  linkType: hard

"mime-db@npm:1.52.0":
  version: 1.52.0
  resolution: "mime-db@npm:1.52.0"
  checksum: 10c0/0557a01deebf45ac5f5777fe7740b2a5c309c6d62d40ceab4e23da9f821899ce7a900b7ac8157d4548ddbb7beffe9abc621250e6d182b0397ec7f10c7b91a5aa
  languageName: node
  linkType: hard

"mime-types@npm:^2.1.12":
  version: 2.1.35
  resolution: "mime-types@npm:2.1.35"
  dependencies:
    mime-db: "npm:1.52.0"
  checksum: 10c0/82fb07ec56d8ff1fc999a84f2f217aa46cb6ed1033fefaabd5785b9a974ed225c90dc72fff460259e66b95b73648596dbcc50d51ed69cdf464af2d237d3149b2
  languageName: node
  linkType: hard

"minimatch@npm:^9.0.1":
  version: 9.0.3
  resolution: "minimatch@npm:9.0.3"
  dependencies:
    brace-expansion: "npm:^2.0.1"
  checksum: 10c0/85f407dcd38ac3e180f425e86553911d101455ca3ad5544d6a7cec16286657e4f8a9aa6695803025c55e31e35a91a2252b5dc8e7d527211278b8b65b4dbd5eac
  languageName: node
  linkType: hard

"minipass-collect@npm:^2.0.1":
  version: 2.0.1
  resolution: "minipass-collect@npm:2.0.1"
  dependencies:
    minipass: "npm:^7.0.3"
  checksum: 10c0/5167e73f62bb74cc5019594709c77e6a742051a647fe9499abf03c71dca75515b7959d67a764bdc4f8b361cf897fbf25e2d9869ee039203ed45240f48b9aa06e
  languageName: node
  linkType: hard

"minipass-flush@npm:^1.0.5":
  version: 1.0.5
  resolution: "minipass-flush@npm:1.0.5"
  dependencies:
    minipass: "npm:^3.0.0"
  checksum: 10c0/2a51b63feb799d2bb34669205eee7c0eaf9dce01883261a5b77410c9408aa447e478efd191b4de6fc1101e796ff5892f8443ef20d9544385819093dbb32d36bd
  languageName: node
  linkType: hard

"minipass-pipeline@npm:^1.2.4":
  version: 1.2.4
  resolution: "minipass-pipeline@npm:1.2.4"
  dependencies:
    minipass: "npm:^3.0.0"
  checksum: 10c0/cbda57cea20b140b797505dc2cac71581a70b3247b84480c1fed5ca5ba46c25ecc25f68bfc9e6dcb1a6e9017dab5c7ada5eab73ad4f0a49d84e35093e0c643f2
  languageName: node
  linkType: hard

"minipass@npm:^3.0.0":
  version: 3.3.6
  resolution: "minipass@npm:3.3.6"
  dependencies:
    yallist: "npm:^4.0.0"
  checksum: 10c0/a114746943afa1dbbca8249e706d1d38b85ed1298b530f5808ce51f8e9e941962e2a5ad2e00eae7dd21d8a4aae6586a66d4216d1a259385e9d0358f0c1eba16c
  languageName: node
  linkType: hard

"minipass@npm:^5.0.0":
  version: 5.0.0
  resolution: "minipass@npm:5.0.0"
  checksum: 10c0/a91d8043f691796a8ac88df039da19933ef0f633e3d7f0d35dcd5373af49131cf2399bfc355f41515dc495e3990369c3858cd319e5c2722b4753c90bf3152462
  languageName: node
  linkType: hard

"minipass@npm:^5.0.0 || ^6.0.2 || ^7.0.0, minipass@npm:^7.0.3":
  version: 7.0.4
  resolution: "minipass@npm:7.0.4"
  checksum: 10c0/6c7370a6dfd257bf18222da581ba89a5eaedca10e158781232a8b5542a90547540b4b9b7e7f490e4cda43acfbd12e086f0453728ecf8c19e0ef6921bc5958ac5
  languageName: node
  linkType: hard

"minizlib@npm:^2.1.1":
  version: 2.1.2
  resolution: "minizlib@npm:2.1.2"
  dependencies:
    minipass: "npm:^3.0.0"
    yallist: "npm:^4.0.0"
  checksum: 10c0/64fae024e1a7d0346a1102bb670085b17b7f95bf6cfdf5b128772ec8faf9ea211464ea4add406a3a6384a7d87a0cd1a96263692134323477b4fb43659a6cab78
  languageName: node
  linkType: hard

"mkdirp@npm:^1.0.3":
  version: 1.0.4
  resolution: "mkdirp@npm:1.0.4"
  bin:
    mkdirp: bin/cmd.js
  checksum: 10c0/46ea0f3ffa8bc6a5bc0c7081ffc3907777f0ed6516888d40a518c5111f8366d97d2678911ad1a6882bf592fa9de6c784fea32e1687bb94e1f4944170af48a5cf
  languageName: node
  linkType: hard

"node-fetch-cache@npm:^4.1.0":
  version: 4.1.1
  resolution: "node-fetch-cache@npm:4.1.1"
  dependencies:
    "@types/node-fetch": "npm:2.6.11"
    cacache: "npm:^18.0.1"
    form-data: "npm:^4.0.0"
    locko: "npm:^1.1.0"
    node-fetch: "npm:2.7.0"
  checksum: 10c0/e1253c4cf4577a0965d6b685be7deb8ebbd3d5bc339ca55900ff306462cfd4141726d083f7bd4cebe5f9b8c4e933b29291dc14ea566c45b40dd32e754e2e6f81
  languageName: node
  linkType: hard

"node-fetch@npm:2.7.0":
  version: 2.7.0
  resolution: "node-fetch@npm:2.7.0"
  dependencies:
    whatwg-url: "npm:^5.0.0"
  peerDependencies:
    encoding: ^0.1.0
  peerDependenciesMeta:
    encoding:
      optional: true
  checksum: 10c0/b55786b6028208e6fbe594ccccc213cab67a72899c9234eb59dba51062a299ea853210fcf526998eaa2867b0963ad72338824450905679ff0fa304b8c5093ae8
  languageName: node
  linkType: hard

"p-map@npm:^4.0.0":
  version: 4.0.0
  resolution: "p-map@npm:4.0.0"
  dependencies:
    aggregate-error: "npm:^3.0.0"
  checksum: 10c0/592c05bd6262c466ce269ff172bb8de7c6975afca9b50c975135b974e9bdaafbfe80e61aaaf5be6d1200ba08b30ead04b88cfa7e25ff1e3b93ab28c9f62a2c75
  languageName: node
  linkType: hard

"path-key@npm:^3.1.0":
  version: 3.1.1
  resolution: "path-key@npm:3.1.1"
  checksum: 10c0/748c43efd5a569c039d7a00a03b58eecd1d75f3999f5a28303d75f521288df4823bc057d8784eb72358b2895a05f29a070bc9f1f17d28226cc4e62494cc58c4c
  languageName: node
  linkType: hard

"path-scurry@npm:^1.10.1":
  version: 1.10.1
  resolution: "path-scurry@npm:1.10.1"
  dependencies:
    lru-cache: "npm:^9.1.1 || ^10.0.0"
    minipass: "npm:^5.0.0 || ^6.0.2 || ^7.0.0"
  checksum: 10c0/e5dc78a7348d25eec61ab166317e9e9c7b46818aa2c2b9006c507a6ff48c672d011292d9662527213e558f5652ce0afcc788663a061d8b59ab495681840c0c1e
  languageName: node
  linkType: hard

"semver@npm:^7.3.5":
  version: 7.6.0
  resolution: "semver@npm:7.6.0"
  dependencies:
    lru-cache: "npm:^6.0.0"
  bin:
    semver: bin/semver.js
  checksum: 10c0/fbfe717094ace0aa8d6332d7ef5ce727259815bd8d8815700853f4faf23aacbd7192522f0dc5af6df52ef4fa85a355ebd2f5d39f554bd028200d6cf481ab9b53
  languageName: node
  linkType: hard

"shebang-command@npm:^2.0.0":
  version: 2.0.0
  resolution: "shebang-command@npm:2.0.0"
  dependencies:
    shebang-regex: "npm:^3.0.0"
  checksum: 10c0/a41692e7d89a553ef21d324a5cceb5f686d1f3c040759c50aab69688634688c5c327f26f3ecf7001ebfd78c01f3c7c0a11a7c8bfd0a8bc9f6240d4f40b224e4e
  languageName: node
  linkType: hard

"shebang-regex@npm:^3.0.0":
  version: 3.0.0
  resolution: "shebang-regex@npm:3.0.0"
  checksum: 10c0/1dbed0726dd0e1152a92696c76c7f06084eb32a90f0528d11acd764043aacf76994b2fb30aa1291a21bd019d6699164d048286309a278855ee7bec06cf6fb690
  languageName: node
  linkType: hard

"signal-exit@npm:^4.0.1":
  version: 4.1.0
  resolution: "signal-exit@npm:4.1.0"
  checksum: 10c0/41602dce540e46d599edba9d9860193398d135f7ff72cab629db5171516cfae628d21e7bfccde1bbfdf11c48726bc2a6d1a8fb8701125852fbfda7cf19c6aa83
  languageName: node
  linkType: hard

"ssri@npm:^10.0.0":
  version: 10.0.5
  resolution: "ssri@npm:10.0.5"
  dependencies:
    minipass: "npm:^7.0.3"
  checksum: 10c0/b091f2ae92474183c7ac5ed3f9811457e1df23df7a7e70c9476eaa9a0c4a0c8fc190fb45acefbf023ca9ee864dd6754237a697dc52a0fb182afe65d8e77443d8
  languageName: node
  linkType: hard

"string-width-cjs@npm:string-width@^4.2.0, string-width@npm:^4.1.0":
  version: 4.2.3
  resolution: "string-width@npm:4.2.3"
  dependencies:
    emoji-regex: "npm:^8.0.0"
    is-fullwidth-code-point: "npm:^3.0.0"
    strip-ansi: "npm:^6.0.1"
  checksum: 10c0/1e525e92e5eae0afd7454086eed9c818ee84374bb80328fc41217ae72ff5f065ef1c9d7f72da41de40c75fa8bb3dee63d92373fd492c84260a552c636392a47b
  languageName: node
  linkType: hard

"string-width@npm:^5.0.1, string-width@npm:^5.1.2":
  version: 5.1.2
  resolution: "string-width@npm:5.1.2"
  dependencies:
    eastasianwidth: "npm:^0.2.0"
    emoji-regex: "npm:^9.2.2"
    strip-ansi: "npm:^7.0.1"
  checksum: 10c0/ab9c4264443d35b8b923cbdd513a089a60de339216d3b0ed3be3ba57d6880e1a192b70ae17225f764d7adbf5994e9bb8df253a944736c15a0240eff553c678ca
  languageName: node
  linkType: hard

"strip-ansi-cjs@npm:strip-ansi@^6.0.1, strip-ansi@npm:^6.0.0, strip-ansi@npm:^6.0.1":
  version: 6.0.1
  resolution: "strip-ansi@npm:6.0.1"
  dependencies:
    ansi-regex: "npm:^5.0.1"
  checksum: 10c0/1ae5f212a126fe5b167707f716942490e3933085a5ff6c008ab97ab2f272c8025d3aa218b7bd6ab25729ca20cc81cddb252102f8751e13482a5199e873680952
  languageName: node
  linkType: hard

"strip-ansi@npm:^7.0.1":
  version: 7.1.0
  resolution: "strip-ansi@npm:7.1.0"
  dependencies:
    ansi-regex: "npm:^6.0.1"
  checksum: 10c0/a198c3762e8832505328cbf9e8c8381de14a4fa50a4f9b2160138158ea88c0f5549fb50cb13c651c3088f47e63a108b34622ec18c0499b6c8c3a5ddf6b305ac4
  languageName: node
  linkType: hard

"tar@npm:^6.1.11":
  version: 6.2.0
  resolution: "tar@npm:6.2.0"
  dependencies:
    chownr: "npm:^2.0.0"
    fs-minipass: "npm:^2.0.0"
    minipass: "npm:^5.0.0"
    minizlib: "npm:^2.1.1"
    mkdirp: "npm:^1.0.3"
    yallist: "npm:^4.0.0"
  checksum: 10c0/02ca064a1a6b4521fef88c07d389ac0936730091f8c02d30ea60d472e0378768e870769ab9e986d87807bfee5654359cf29ff4372746cc65e30cbddc352660d8
  languageName: node
  linkType: hard

"tr46@npm:~0.0.3":
  version: 0.0.3
  resolution: "tr46@npm:0.0.3"
  checksum: 10c0/047cb209a6b60c742f05c9d3ace8fa510bff609995c129a37ace03476a9b12db4dbf975e74600830ef0796e18882b2381fb5fb1f6b4f96b832c374de3ab91a11
  languageName: node
  linkType: hard

"tsm@npm:^2.3.0":
  version: 2.3.0
  resolution: "tsm@npm:2.3.0"
  dependencies:
    esbuild: "npm:^0.15.16"
  bin:
    tsm: bin.js
  checksum: 10c0/f099e218625730d77271be120bb7a9b30619d5b1da3df59c61c53ecd56c42b51aa4e36ade5f7d963ce588df4675c657f827eb12361967a5b5316bd889a365b40
  languageName: node
  linkType: hard

"typescript@npm:^5.3.3":
  version: 5.5.2
  resolution: "typescript@npm:5.5.2"
  bin:
    tsc: bin/tsc
    tsserver: bin/tsserver
  checksum: 10c0/8ca39b27b5f9bd7f32db795045933ab5247897660627251e8254180b792a395bf061ea7231947d5d7ffa5cb4cc771970fd4ef543275f9b559f08c9325cccfce3
  languageName: node
  linkType: hard

"typescript@patch:typescript@npm%3A^5.3.3#optional!builtin<compat/typescript>":
  version: 5.5.2
  resolution: "typescript@patch:typescript@npm%3A5.5.2#optional!builtin<compat/typescript>::version=5.5.2&hash=d69c25"
  bin:
    tsc: bin/tsc
    tsserver: bin/tsserver
  checksum: 10c0/6721ac8933a70c252d7b640b345792e103d881811ff660355617c1836526dbb71c2044e2e77a8823fb3570b469f33276875a4cab6d3c4de4ae7d7ee1c3074ae4
  languageName: node
  linkType: hard

"undici-types@npm:~5.26.4":
  version: 5.26.5
  resolution: "undici-types@npm:5.26.5"
  checksum: 10c0/bb673d7876c2d411b6eb6c560e0c571eef4a01c1c19925175d16e3a30c4c428181fb8d7ae802a261f283e4166a0ac435e2f505743aa9e45d893f9a3df017b501
  languageName: node
  linkType: hard

"unique-filename@npm:^3.0.0":
  version: 3.0.0
  resolution: "unique-filename@npm:3.0.0"
  dependencies:
    unique-slug: "npm:^4.0.0"
  checksum: 10c0/6363e40b2fa758eb5ec5e21b3c7fb83e5da8dcfbd866cc0c199d5534c42f03b9ea9ab069769cc388e1d7ab93b4eeef28ef506ab5f18d910ef29617715101884f
  languageName: node
  linkType: hard

"unique-slug@npm:^4.0.0":
  version: 4.0.0
  resolution: "unique-slug@npm:4.0.0"
  dependencies:
    imurmurhash: "npm:^0.1.4"
  checksum: 10c0/cb811d9d54eb5821b81b18205750be84cb015c20a4a44280794e915f5a0a70223ce39066781a354e872df3572e8155c228f43ff0cce94c7cbf4da2cc7cbdd635
  languageName: node
  linkType: hard

"webidl-conversions@npm:^3.0.0":
  version: 3.0.1
  resolution: "webidl-conversions@npm:3.0.1"
  checksum: 10c0/5612d5f3e54760a797052eb4927f0ddc01383550f542ccd33d5238cfd65aeed392a45ad38364970d0a0f4fea32e1f4d231b3d8dac4a3bdd385e5cf802ae097db
  languageName: node
  linkType: hard

"whatwg-url@npm:^5.0.0":
  version: 5.0.0
  resolution: "whatwg-url@npm:5.0.0"
  dependencies:
    tr46: "npm:~0.0.3"
    webidl-conversions: "npm:^3.0.0"
  checksum: 10c0/1588bed84d10b72d5eec1d0faa0722ba1962f1821e7539c535558fb5398d223b0c50d8acab950b8c488b4ba69043fd833cc2697056b167d8ad46fac3995a55d5
  languageName: node
  linkType: hard

"which@npm:^2.0.1":
  version: 2.0.2
  resolution: "which@npm:2.0.2"
  dependencies:
    isexe: "npm:^2.0.0"
  bin:
    node-which: ./bin/node-which
  checksum: 10c0/66522872a768b60c2a65a57e8ad184e5372f5b6a9ca6d5f033d4b0dc98aff63995655a7503b9c0a2598936f532120e81dd8cc155e2e92ed662a2b9377cc4374f
  languageName: node
  linkType: hard

"wrap-ansi-cjs@npm:wrap-ansi@^7.0.0":
  version: 7.0.0
  resolution: "wrap-ansi@npm:7.0.0"
  dependencies:
    ansi-styles: "npm:^4.0.0"
    string-width: "npm:^4.1.0"
    strip-ansi: "npm:^6.0.0"
  checksum: 10c0/d15fc12c11e4cbc4044a552129ebc75ee3f57aa9c1958373a4db0292d72282f54373b536103987a4a7594db1ef6a4f10acf92978f79b98c49306a4b58c77d4da
  languageName: node
  linkType: hard

"wrap-ansi@npm:^8.1.0":
  version: 8.1.0
  resolution: "wrap-ansi@npm:8.1.0"
  dependencies:
    ansi-styles: "npm:^6.1.0"
    string-width: "npm:^5.0.1"
    strip-ansi: "npm:^7.0.1"
  checksum: 10c0/138ff58a41d2f877eae87e3282c0630fc2789012fc1af4d6bd626eeb9a2f9a65ca92005e6e69a75c7b85a68479fe7443c7dbe1eb8fbaa681a4491364b7c55c60
  languageName: node
  linkType: hard

"yallist@npm:^4.0.0":
  version: 4.0.0
  resolution: "yallist@npm:4.0.0"
  checksum: 10c0/2286b5e8dbfe22204ab66e2ef5cc9bbb1e55dfc873bbe0d568aa943eb255d131890dfd5bf243637273d31119b870f49c18fcde2c6ffbb7a7a092b870dc90625a
  languageName: node
  linkType: hard
